// !$*UTF8*$!
{
	archiveVersion = 1;
	classes = {
	};
	objectVersion = 51;
	objects = {

/* Begin PBXBuildFile section */
		064FADB0A0B3D913CFE34A9E /* Pods_SwiftUI_Realm_ManyTo1.framework in Frameworks */ = {isa = PBXBuildFile; fileRef = 931B14BD7E0E64095133C8FE /* Pods_SwiftUI_Realm_ManyTo1.framework */; };
		26532132254F996400AAFC81 /* ItemDB.swift in Sources */ = {isa = PBXBuildFile; fileRef = 26532131254F996400AAFC81 /* ItemDB.swift */; };
		26532136254F9CFC00AAFC81 /* Item.swift in Sources */ = {isa = PBXBuildFile; fileRef = 26532135254F9CFC00AAFC81 /* Item.swift */; };
		26532139254FA1F900AAFC81 /* ItemMock.swift in Sources */ = {isa = PBXBuildFile; fileRef = 26532138254FA1F900AAFC81 /* ItemMock.swift */; };
		26532140254FA8F600AAFC81 /* CategoryListView.swift in Sources */ = {isa = PBXBuildFile; fileRef = 2653213F254FA8F600AAFC81 /* CategoryListView.swift */; };
		26532143254FA90600AAFC81 /* ContentListView.swift in Sources */ = {isa = PBXBuildFile; fileRef = 26532142254FA90600AAFC81 /* ContentListView.swift */; };
		2653214A254FD1BF00AAFC81 /* ItemStore.swift in Sources */ = {isa = PBXBuildFile; fileRef = 26532149254FD1BF00AAFC81 /* ItemStore.swift */; };
		2653214D255005F200AAFC81 /* TestView.swift in Sources */ = {isa = PBXBuildFile; fileRef = 2653214C255005F200AAFC81 /* TestView.swift */; };
		26EED0B1254D624C0033BB40 /* AppDelegate.swift in Sources */ = {isa = PBXBuildFile; fileRef = 26EED0B0254D624C0033BB40 /* AppDelegate.swift */; };
		26EED0B3254D624C0033BB40 /* SceneDelegate.swift in Sources */ = {isa = PBXBuildFile; fileRef = 26EED0B2254D624C0033BB40 /* SceneDelegate.swift */; };
		26EED0B5254D624C0033BB40 /* ContentView.swift in Sources */ = {isa = PBXBuildFile; fileRef = 26EED0B4254D624C0033BB40 /* ContentView.swift */; };
		26EED0B7254D624F0033BB40 /* Assets.xcassets in Resources */ = {isa = PBXBuildFile; fileRef = 26EED0B6254D624F0033BB40 /* Assets.xcassets */; };
		26EED0BA254D624F0033BB40 /* Preview Assets.xcassets in Resources */ = {isa = PBXBuildFile; fileRef = 26EED0B9254D624F0033BB40 /* Preview Assets.xcassets */; };
		26EED0BD254D624F0033BB40 /* LaunchScreen.storyboard in Resources */ = {isa = PBXBuildFile; fileRef = 26EED0BB254D624F0033BB40 /* LaunchScreen.storyboard */; };
/* End PBXBuildFile section */

/* Begin PBXFileReference section */
		26532131254F996400AAFC81 /* ItemDB.swift */ = {isa = PBXFileReference; lastKnownFileType = sourcecode.swift; path = ItemDB.swift; sourceTree = "<group>"; };
		26532135254F9CFC00AAFC81 /* Item.swift */ = {isa = PBXFileReference; lastKnownFileType = sourcecode.swift; path = Item.swift; sourceTree = "<group>"; };
		26532138254FA1F900AAFC81 /* ItemMock.swift */ = {isa = PBXFileReference; lastKnownFileType = sourcecode.swift; path = ItemMock.swift; sourceTree = "<group>"; };
		2653213F254FA8F600AAFC81 /* CategoryListView.swift */ = {isa = PBXFileReference; lastKnownFileType = sourcecode.swift; path = CategoryListView.swift; sourceTree = "<group>"; };
		26532142254FA90600AAFC81 /* ContentListView.swift */ = {isa = PBXFileReference; lastKnownFileType = sourcecode.swift; path = ContentListView.swift; sourceTree = "<group>"; };
		26532149254FD1BF00AAFC81 /* ItemStore.swift */ = {isa = PBXFileReference; lastKnownFileType = sourcecode.swift; path = ItemStore.swift; sourceTree = "<group>"; };
		2653214C255005F200AAFC81 /* TestView.swift */ = {isa = PBXFileReference; lastKnownFileType = sourcecode.swift; path = TestView.swift; sourceTree = "<group>"; };
		26EED0AD254D624C0033BB40 /* SwiftUI_Realm_ManyTo1.app */ = {isa = PBXFileReference; explicitFileType = wrapper.application; includeInIndex = 0; path = SwiftUI_Realm_ManyTo1.app; sourceTree = BUILT_PRODUCTS_DIR; };
		26EED0B0254D624C0033BB40 /* AppDelegate.swift */ = {isa = PBXFileReference; lastKnownFileType = sourcecode.swift; path = AppDelegate.swift; sourceTree = "<group>"; };
		26EED0B2254D624C0033BB40 /* SceneDelegate.swift */ = {isa = PBXFileReference; lastKnownFileType = sourcecode.swift; path = SceneDelegate.swift; sourceTree = "<group>"; };
		26EED0B4254D624C0033BB40 /* ContentView.swift */ = {isa = PBXFileReference; lastKnownFileType = sourcecode.swift; path = ContentView.swift; sourceTree = "<group>"; };
		26EED0B6254D624F0033BB40 /* Assets.xcassets */ = {isa = PBXFileReference; lastKnownFileType = folder.assetcatalog; path = Assets.xcassets; sourceTree = "<group>"; };
		26EED0B9254D624F0033BB40 /* Preview Assets.xcassets */ = {isa = PBXFileReference; lastKnownFileType = folder.assetcatalog; path = "Preview Assets.xcassets"; sourceTree = "<group>"; };
		26EED0BC254D624F0033BB40 /* Base */ = {isa = PBXFileReference; lastKnownFileType = file.storyboard; name = Base; path = Base.lproj/LaunchScreen.storyboard; sourceTree = "<group>"; };
		26EED0BE254D624F0033BB40 /* Info.plist */ = {isa = PBXFileReference; lastKnownFileType = text.plist.xml; path = Info.plist; sourceTree = "<group>"; };
		8FAE4E21F1817A69BD79D383 /* Pods-SwiftUI_Realm_ManyTo1.debug.xcconfig */ = {isa = PBXFileReference; includeInIndex = 1; lastKnownFileType = text.xcconfig; name = "Pods-SwiftUI_Realm_ManyTo1.debug.xcconfig"; path = "Target Support Files/Pods-SwiftUI_Realm_ManyTo1/Pods-SwiftUI_Realm_ManyTo1.debug.xcconfig"; sourceTree = "<group>"; };
		931B14BD7E0E64095133C8FE /* Pods_SwiftUI_Realm_ManyTo1.framework */ = {isa = PBXFileReference; explicitFileType = wrapper.framework; includeInIndex = 0; path = Pods_SwiftUI_Realm_ManyTo1.framework; sourceTree = BUILT_PRODUCTS_DIR; };
		9452B21FA2AC4588FAAE7BD0 /* Pods-SwiftUI_Realm_ManyTo1.release.xcconfig */ = {isa = PBXFileReference; includeInIndex = 1; lastKnownFileType = text.xcconfig; name = "Pods-SwiftUI_Realm_ManyTo1.release.xcconfig"; path = "Target Support Files/Pods-SwiftUI_Realm_ManyTo1/Pods-SwiftUI_Realm_ManyTo1.release.xcconfig"; sourceTree = "<group>"; };
/* End PBXFileReference section */

/* Begin PBXFrameworksBuildPhase section */
		26EED0AA254D624C0033BB40 /* Frameworks */ = {
			isa = PBXFrameworksBuildPhase;
			buildActionMask = 2147483647;
			files = (
				064FADB0A0B3D913CFE34A9E /* Pods_SwiftUI_Realm_ManyTo1.framework in Frameworks */,
			);
			runOnlyForDeploymentPostprocessing = 0;
		};
/* End PBXFrameworksBuildPhase section */

/* Begin PBXGroup section */
		2653212E254F992C00AAFC81 /* Models */ = {
			isa = PBXGroup;
			children = (
				26532135254F9CFC00AAFC81 /* Item.swift */,
				26532131254F996400AAFC81 /* ItemDB.swift */,
				26532138254FA1F900AAFC81 /* ItemMock.swift */,
			);
			path = Models;
			sourceTree = "<group>";
		};
		2653212F254F993900AAFC81 /* Views */ = {
			isa = PBXGroup;
			children = (
				26EED0B4254D624C0033BB40 /* ContentView.swift */,
				2653213F254FA8F600AAFC81 /* CategoryListView.swift */,
				26532142254FA90600AAFC81 /* ContentListView.swift */,
				2653214C255005F200AAFC81 /* TestView.swift */,
			);
			path = Views;
			sourceTree = "<group>";
		};
		26532130254F994200AAFC81 /* ViewModels */ = {
			isa = PBXGroup;
			children = (
				26532149254FD1BF00AAFC81 /* ItemStore.swift */,
			);
			path = ViewModels;
			sourceTree = "<group>";
		};
		26EED0A4254D624C0033BB40 = {
			isa = PBXGroup;
			children = (
				26EED0AF254D624C0033BB40 /* SwiftUI_Realm_ManyTo1 */,
				26EED0AE254D624C0033BB40 /* Products */,
				B82AE33E555022673EDEC571 /* Pods */,
				8D635C98C85B377DC9E7ACA8 /* Frameworks */,
			);
			sourceTree = "<group>";
		};
		26EED0AE254D624C0033BB40 /* Products */ = {
			isa = PBXGroup;
			children = (
				26EED0AD254D624C0033BB40 /* SwiftUI_Realm_ManyTo1.app */,
			);
			name = Products;
			sourceTree = "<group>";
		};
		26EED0AF254D624C0033BB40 /* SwiftUI_Realm_ManyTo1 */ = {
			isa = PBXGroup;
			children = (
				26EED0B0254D624C0033BB40 /* AppDelegate.swift */,
				26EED0B2254D624C0033BB40 /* SceneDelegate.swift */,
				2653212E254F992C00AAFC81 /* Models */,
				2653212F254F993900AAFC81 /* Views */,
				26532130254F994200AAFC81 /* ViewModels */,
				26EED0B6254D624F0033BB40 /* Assets.xcassets */,
				26EED0BB254D624F0033BB40 /* LaunchScreen.storyboard */,
				26EED0BE254D624F0033BB40 /* Info.plist */,
				26EED0B8254D624F0033BB40 /* Preview Content */,
			);
			path = SwiftUI_Realm_ManyTo1;
			sourceTree = "<group>";
		};
		26EED0B8254D624F0033BB40 /* Preview Content */ = {
			isa = PBXGroup;
			children = (
				26EED0B9254D624F0033BB40 /* Preview Assets.xcassets */,
			);
			path = "Preview Content";
			sourceTree = "<group>";
		};
		8D635C98C85B377DC9E7ACA8 /* Frameworks */ = {
			isa = PBXGroup;
			children = (
				931B14BD7E0E64095133C8FE /* Pods_SwiftUI_Realm_ManyTo1.framework */,
			);
			name = Frameworks;
			sourceTree = "<group>";
		};
		B82AE33E555022673EDEC571 /* Pods */ = {
			isa = PBXGroup;
			children = (
				8FAE4E21F1817A69BD79D383 /* Pods-SwiftUI_Realm_ManyTo1.debug.xcconfig */,
				9452B21FA2AC4588FAAE7BD0 /* Pods-SwiftUI_Realm_ManyTo1.release.xcconfig */,
			);
			path = Pods;
			sourceTree = "<group>";
		};
/* End PBXGroup section */

/* Begin PBXNativeTarget section */
		26EED0AC254D624C0033BB40 /* SwiftUI_Realm_ManyTo1 */ = {
			isa = PBXNativeTarget;
			buildConfigurationList = 26EED0C1254D624F0033BB40 /* Build configuration list for PBXNativeTarget "SwiftUI_Realm_ManyTo1" */;
			buildPhases = (
				4240663CD8B51545E0844E72 /* [CP] Check Pods Manifest.lock */,
				26EED0A9254D624C0033BB40 /* Sources */,
				26EED0AA254D624C0033BB40 /* Frameworks */,
				26EED0AB254D624C0033BB40 /* Resources */,
				6A4A703F7DCFB8B42679627D /* [CP] Embed Pods Frameworks */,
			);
			buildRules = (
			);
			dependencies = (
			);
			name = SwiftUI_Realm_ManyTo1;
			productName = SwiftUI_Realm_ManyTo1;
			productReference = 26EED0AD254D624C0033BB40 /* SwiftUI_Realm_ManyTo1.app */;
			productType = "com.apple.product-type.application";
		};
/* End PBXNativeTarget section */

/* Begin PBXProject section */
		26EED0A5254D624C0033BB40 /* Project object */ = {
			isa = PBXProject;
			attributes = {
				LastSwiftUpdateCheck = 1200;
				LastUpgradeCheck = 1200;
				TargetAttributes = {
					26EED0AC254D624C0033BB40 = {
						CreatedOnToolsVersion = 12.0.1;
					};
				};
			};
			buildConfigurationList = 26EED0A8254D624C0033BB40 /* Build configuration list for PBXProject "SwiftUI_Realm_ManyTo1" */;
			compatibilityVersion = "Xcode 9.3";
			developmentRegion = en;
			hasScannedForEncodings = 0;
			knownRegions = (
				en,
				Base,
			);
			mainGroup = 26EED0A4254D624C0033BB40;
			productRefGroup = 26EED0AE254D624C0033BB40 /* Products */;
			projectDirPath = "";
			projectRoot = "";
			targets = (
				26EED0AC254D624C0033BB40 /* SwiftUI_Realm_ManyTo1 */,
			);
		};
/* End PBXProject section */

/* Begin PBXResourcesBuildPhase section */
		26EED0AB254D624C0033BB40 /* Resources */ = {
			isa = PBXResourcesBuildPhase;
			buildActionMask = 2147483647;
			files = (
				26EED0BD254D624F0033BB40 /* LaunchScreen.storyboard in Resources */,
				26EED0BA254D624F0033BB40 /* Preview Assets.xcassets in Resources */,
				26EED0B7254D624F0033BB40 /* Assets.xcassets in Resources */,
			);
			runOnlyForDeploymentPostprocessing = 0;
		};
/* End PBXResourcesBuildPhase section */

/* Begin PBXShellScriptBuildPhase section */
		4240663CD8B51545E0844E72 /* [CP] Check Pods Manifest.lock */ = {
			isa = PBXShellScriptBuildPhase;
			buildActionMask = 2147483647;
			files = (
			);
			inputFileListPaths = (
			);
			inputPaths = (
				"${PODS_PODFILE_DIR_PATH}/Podfile.lock",
				"${PODS_ROOT}/Manifest.lock",
			);
			name = "[CP] Check Pods Manifest.lock";
			outputFileListPaths = (
			);
			outputPaths = (
				"$(DERIVED_FILE_DIR)/Pods-SwiftUI_Realm_ManyTo1-checkManifestLockResult.txt",
			);
			runOnlyForDeploymentPostprocessing = 0;
			shellPath = /bin/sh;
			shellScript = "diff \"${PODS_PODFILE_DIR_PATH}/Podfile.lock\" \"${PODS_ROOT}/Manifest.lock\" > /dev/null\nif [ $? != 0 ] ; then\n    # print error to STDERR\n    echo \"error: The sandbox is not in sync with the Podfile.lock. Run 'pod install' or update your CocoaPods installation.\" >&2\n    exit 1\nfi\n# This output is used by Xcode 'outputs' to avoid re-running this script phase.\necho \"SUCCESS\" > \"${SCRIPT_OUTPUT_FILE_0}\"\n";
			showEnvVarsInLog = 0;
		};
		6A4A703F7DCFB8B42679627D /* [CP] Embed Pods Frameworks */ = {
			isa = PBXShellScriptBuildPhase;
			buildActionMask = 2147483647;
			files = (
			);
			inputFileListPaths = (
				"${PODS_ROOT}/Target Support Files/Pods-SwiftUI_Realm_ManyTo1/Pods-SwiftUI_Realm_ManyTo1-frameworks-${CONFIGURATION}-input-files.xcfilelist",
			);
			name = "[CP] Embed Pods Frameworks";
			outputFileListPaths = (
				"${PODS_ROOT}/Target Support Files/Pods-SwiftUI_Realm_ManyTo1/Pods-SwiftUI_Realm_ManyTo1-frameworks-${CONFIGURATION}-output-files.xcfilelist",
			);
			runOnlyForDeploymentPostprocessing = 0;
			shellPath = /bin/sh;
			shellScript = "\"${PODS_ROOT}/Target Support Files/Pods-SwiftUI_Realm_ManyTo1/Pods-SwiftUI_Realm_ManyTo1-frameworks.sh\"\n";
			showEnvVarsInLog = 0;
		};
/* End PBXShellScriptBuildPhase section */

/* Begin PBXSourcesBuildPhase section */
		26EED0A9254D624C0033BB40 /* Sources */ = {
			isa = PBXSourcesBuildPhase;
			buildActionMask = 2147483647;
			files = (
				26532139254FA1F900AAFC81 /* ItemMock.swift in Sources */,
				26532136254F9CFC00AAFC81 /* Item.swift in Sources */,
				2653214A254FD1BF00AAFC81 /* ItemStore.swift in Sources */,
				26532143254FA90600AAFC81 /* ContentListView.swift in Sources */,
				26532132254F996400AAFC81 /* ItemDB.swift in Sources */,
				26EED0B1254D624C0033BB40 /* AppDelegate.swift in Sources */,
				2653214D255005F200AAFC81 /* TestView.swift in Sources */,
				26EED0B3254D624C0033BB40 /* SceneDelegate.swift in Sources */,
				26532140254FA8F600AAFC81 /* CategoryListView.swift in Sources */,
				26EED0B5254D624C0033BB40 /* ContentView.swift in Sources */,
			);
			runOnlyForDeploymentPostprocessing = 0;
		};
/* End PBXSourcesBuildPhase section */

/* Begin PBXVariantGroup section */
		26EED0BB254D624F0033BB40 /* LaunchScreen.storyboard */ = {
			isa = PBXVariantGroup;
			children = (
				26EED0BC254D624F0033BB40 /* Base */,
			);
			name = LaunchScreen.storyboard;
			sourceTree = "<group>";
		};
/* End PBXVariantGroup section */

/* Begin XCBuildConfiguration section */
		26EED0BF254D624F0033BB40 /* Debug */ = {
			isa = XCBuildConfiguration;
			buildSettings = {
				ALWAYS_SEARCH_USER_PATHS = NO;
				CLANG_ANALYZER_NONNULL = YES;
				CLANG_ANALYZER_NUMBER_OBJECT_CONVERSION = YES_AGGRESSIVE;
				CLANG_CXX_LANGUAGE_STANDARD = "gnu++14";
				CLANG_CXX_LIBRARY = "libc++";
				CLANG_ENABLE_MODULES = YES;
				CLANG_ENABLE_OBJC_ARC = YES;
				CLANG_ENABLE_OBJC_WEAK = YES;
				CLANG_WARN_BLOCK_CAPTURE_AUTORELEASING = YES;
				CLANG_WARN_BOOL_CONVERSION = YES;
				CLANG_WARN_COMMA = YES;
				CLANG_WARN_CONSTANT_CONVERSION = YES;
				CLANG_WARN_DEPRECATED_OBJC_IMPLEMENTATIONS = YES;
				CLANG_WARN_DIRECT_OBJC_ISA_USAGE = YES_ERROR;
				CLANG_WARN_DOCUMENTATION_COMMENTS = YES;
				CLANG_WARN_EMPTY_BODY = YES;
				CLANG_WARN_ENUM_CONVERSION = YES;
				CLANG_WARN_INFINITE_RECURSION = YES;
				CLANG_WARN_INT_CONVERSION = YES;
				CLANG_WARN_NON_LITERAL_NULL_CONVERSION = YES;
				CLANG_WARN_OBJC_IMPLICIT_RETAIN_SELF = YES;
				CLANG_WARN_OBJC_LITERAL_CONVERSION = YES;
				CLANG_WARN_OBJC_ROOT_CLASS = YES_ERROR;
				CLANG_WARN_QUOTED_INCLUDE_IN_FRAMEWORK_HEADER = YES;
				CLANG_WARN_RANGE_LOOP_ANALYSIS = YES;
				CLANG_WARN_STRICT_PROTOTYPES = YES;
				CLANG_WARN_SUSPICIOUS_MOVE = YES;
				CLANG_WARN_UNGUARDED_AVAILABILITY = YES_AGGRESSIVE;
				CLANG_WARN_UNREACHABLE_CODE = YES;
				CLANG_WARN__DUPLICATE_METHOD_MATCH = YES;
				COPY_PHASE_STRIP = NO;
				DEBUG_INFORMATION_FORMAT = dwarf;
				ENABLE_STRICT_OBJC_MSGSEND = YES;
				ENABLE_TESTABILITY = YES;
				GCC_C_LANGUAGE_STANDARD = gnu11;
				GCC_DYNAMIC_NO_PIC = NO;
				GCC_NO_COMMON_BLOCKS = YES;
				GCC_OPTIMIZATION_LEVEL = 0;
				GCC_PREPROCESSOR_DEFINITIONS = (
					"DEBUG=1",
					"$(inherited)",
				);
				GCC_WARN_64_TO_32_BIT_CONVERSION = YES;
				GCC_WARN_ABOUT_RETURN_TYPE = YES_ERROR;
				GCC_WARN_UNDECLARED_SELECTOR = YES;
				GCC_WARN_UNINITIALIZED_AUTOS = YES_AGGRESSIVE;
				GCC_WARN_UNUSED_FUNCTION = YES;
				GCC_WARN_UNUSED_VARIABLE = YES;
				IPHONEOS_DEPLOYMENT_TARGET = 14.0;
				MTL_ENABLE_DEBUG_INFO = INCLUDE_SOURCE;
				MTL_FAST_MATH = YES;
				ONLY_ACTIVE_ARCH = YES;
				SDKROOT = iphoneos;
				SWIFT_ACTIVE_COMPILATION_CONDITIONS = DEBUG;
				SWIFT_OPTIMIZATION_LEVEL = "-Onone";
			};
			name = Debug;
		};
		26EED0C0254D624F0033BB40 /* Release */ = {
			isa = XCBuildConfiguration;
			buildSettings = {
				ALWAYS_SEARCH_USER_PATHS = NO;
				CLANG_ANALYZER_NONNULL = YES;
				CLANG_ANALYZER_NUMBER_OBJECT_CONVERSION = YES_AGGRESSIVE;
				CLANG_CXX_LANGUAGE_STANDARD = "gnu++14";
				CLANG_CXX_LIBRARY = "libc++";
				CLANG_ENABLE_MODULES = YES;
				CLANG_ENABLE_OBJC_ARC = YES;
				CLANG_ENABLE_OBJC_WEAK = YES;
				CLANG_WARN_BLOCK_CAPTURE_AUTORELEASING = YES;
				CLANG_WARN_BOOL_CONVERSION = YES;
				CLANG_WARN_COMMA = YES;
				CLANG_WARN_CONSTANT_CONVERSION = YES;
				CLANG_WARN_DEPRECATED_OBJC_IMPLEMENTATIONS = YES;
				CLANG_WARN_DIRECT_OBJC_ISA_USAGE = YES_ERROR;
				CLANG_WARN_DOCUMENTATION_COMMENTS = YES;
				CLANG_WARN_EMPTY_BODY = YES;
				CLANG_WARN_ENUM_CONVERSION = YES;
				CLANG_WARN_INFINITE_RECURSION = YES;
				CLANG_WARN_INT_CONVERSION = YES;
				CLANG_WARN_NON_LITERAL_NULL_CONVERSION = YES;
				CLANG_WARN_OBJC_IMPLICIT_RETAIN_SELF = YES;
				CLANG_WARN_OBJC_LITERAL_CONVERSION = YES;
				CLANG_WARN_OBJC_ROOT_CLASS = YES_ERROR;
				CLANG_WARN_QUOTED_INCLUDE_IN_FRAMEWORK_HEADER = YES;
				CLANG_WARN_RANGE_LOOP_ANALYSIS = YES;
				CLANG_WARN_STRICT_PROTOTYPES = YES;
				CLANG_WARN_SUSPICIOUS_MOVE = YES;
				CLANG_WARN_UNGUARDED_AVAILABILITY = YES_AGGRESSIVE;
				CLANG_WARN_UNREACHABLE_CODE = YES;
				CLANG_WARN__DUPLICATE_METHOD_MATCH = YES;
				COPY_PHASE_STRIP = NO;
				DEBUG_INFORMATION_FORMAT = "dwarf-with-dsym";
				ENABLE_NS_ASSERTIONS = NO;
				ENABLE_STRICT_OBJC_MSGSEND = YES;
				GCC_C_LANGUAGE_STANDARD = gnu11;
				GCC_NO_COMMON_BLOCKS = YES;
				GCC_WARN_64_TO_32_BIT_CONVERSION = YES;
				GCC_WARN_ABOUT_RETURN_TYPE = YES_ERROR;
				GCC_WARN_UNDECLARED_SELECTOR = YES;
				GCC_WARN_UNINITIALIZED_AUTOS = YES_AGGRESSIVE;
				GCC_WARN_UNUSED_FUNCTION = YES;
				GCC_WARN_UNUSED_VARIABLE = YES;
				IPHONEOS_DEPLOYMENT_TARGET = 14.0;
				MTL_ENABLE_DEBUG_INFO = NO;
				MTL_FAST_MATH = YES;
				SDKROOT = iphoneos;
				SWIFT_COMPILATION_MODE = wholemodule;
				SWIFT_OPTIMIZATION_LEVEL = "-O";
				VALIDATE_PRODUCT = YES;
			};
			name = Release;
		};
		26EED0C2254D624F0033BB40 /* Debug */ = {
			isa = XCBuildConfiguration;
			baseConfigurationReference = 8FAE4E21F1817A69BD79D383 /* Pods-SwiftUI_Realm_ManyTo1.debug.xcconfig */;
			buildSettings = {
				ASSETCATALOG_COMPILER_APPICON_NAME = AppIcon;
				ASSETCATALOG_COMPILER_GLOBAL_ACCENT_COLOR_NAME = AccentColor;
				CODE_SIGN_STYLE = Automatic;
				DEVELOPMENT_ASSET_PATHS = "\"SwiftUI_Realm_ManyTo1/Preview Content\"";
				DEVELOPMENT_TEAM = PW2H35G2ZM;
				ENABLE_PREVIEWS = YES;
				INFOPLIST_FILE = SwiftUI_Realm_ManyTo1/Info.plist;
				LD_RUNPATH_SEARCH_PATHS = (
					"$(inherited)",
					"@executable_path/Frameworks",
				);
				PRODUCT_BUNDLE_IDENTIFIER = "com.syuu0227.SwiftUI-Realm-ManyTo1";
				PRODUCT_NAME = "$(TARGET_NAME)";
				SWIFT_VERSION = 5.0;
				TARGETED_DEVICE_FAMILY = "1,2";
			};
			name = Debug;
		};
		26EED0C3254D624F0033BB40 /* Release */ = {
			isa = XCBuildConfiguration;
			baseConfigurationReference = 9452B21FA2AC4588FAAE7BD0 /* Pods-SwiftUI_Realm_ManyTo1.release.xcconfig */;
			buildSettings = {
				ASSETCATALOG_COMPILER_APPICON_NAME = AppIcon;
				ASSETCATALOG_COMPILER_GLOBAL_ACCENT_COLOR_NAME = AccentColor;
				CODE_SIGN_STYLE = Automatic;
				DEVELOPMENT_ASSET_PATHS = "\"SwiftUI_Realm_ManyTo1/Preview Content\"";
				DEVELOPMENT_TEAM = PW2H35G2ZM;
				ENABLE_PREVIEWS = YES;
				INFOPLIST_FILE = SwiftUI_Realm_ManyTo1/Info.plist;
				LD_RUNPATH_SEARCH_PATHS = (
					"$(inherited)",
					"@executable_path/Frameworks",
				);
				PRODUCT_BUNDLE_IDENTIFIER = "com.syuu0227.SwiftUI-Realm-ManyTo1";
				PRODUCT_NAME = "$(TARGET_NAME)";
				SWIFT_VERSION = 5.0;
				TARGETED_DEVICE_FAMILY = "1,2";
			};
			name = Release;
		};
/* End XCBuildConfiguration section */

/* Begin XCConfigurationList section */
		26EED0A8254D624C0033BB40 /* Build configuration list for PBXProject "SwiftUI_Realm_ManyTo1" */ = {
			isa = XCConfigurationList;
			buildConfigurations = (
				26EED0BF254D624F0033BB40 /* Debug */,
				26EED0C0254D624F0033BB40 /* Release */,
			);
			defaultConfigurationIsVisible = 0;
			defaultConfigurationName = Release;
		};
		26EED0C1254D624F0033BB40 /* Build configuration list for PBXNativeTarget "SwiftUI_Realm_ManyTo1" */ = {
			isa = XCConfigurationList;
			buildConfigurations = (
				26EED0C2254D624F0033BB40 /* Debug */,
				26EED0C3254D624F0033BB40 /* Release */,
			);
			defaultConfigurationIsVisible = 0;
			defaultConfigurationName = Release;
		};
/* End XCConfigurationList section */
	};
	rootObject = 26EED0A5254D624C0033BB40 /* Project object */;
}
